
Microsoft Visual Studio Solution File, Format Version 12.00
# Visual Studio 2013
VisualStudioVersion = 12.0.21005.1
MinimumVisualStudioVersion = 10.0.40219.1
Project("{FAE04EC0-301F-11D3-BF4B-00C04F79EFBC}") = "LoopLeader.WebUI", "LoopLeader\LoopLeader.WebUI.csproj", "{9F0D1DA4-5188-4B2B-9DC6-39E0E4BED7F5}"
EndProject
Project("{FAE04EC0-301F-11D3-BF4B-00C04F79EFBC}") = "LoopLeader.Tests", "LoopLeader.Tests\LoopLeader.Tests.csproj", "{94C148F6-D3DF-4746-BEED-4F9AC63F7A52}"
EndProject
Project("{FAE04EC0-301F-11D3-BF4B-00C04F79EFBC}") = "LoopLeader.Domain", "LoopLeader.Domain\LoopLeader.Domain.csproj", "{554901F2-3E74-435E-9AB7-188E38041947}"
EndProject
Global
	GlobalSection(SolutionConfigurationPlatforms) = preSolution
		Debug|Any CPU = Debug|Any CPU
		Release|Any CPU = Release|Any CPU
	EndGlobalSection
	GlobalSection(ProjectConfigurationPlatforms) = postSolution
		{9F0D1DA4-5188-4B2B-9DC6-39E0E4BED7F5}.Debug|Any CPU.ActiveCfg = Debug|Any CPU
		{9F0D1DA4-5188-4B2B-9DC6-39E0E4BED7F5}.Debug|Any CPU.Build.0 = Debug|Any CPU
		{9F0D1DA4-5188-4B2B-9DC6-39E0E4BED7F5}.Release|Any CPU.ActiveCfg = Release|Any CPU
		{9F0D1DA4-5188-4B2B-9DC6-39E0E4BED7F5}.Release|Any CPU.Build.0 = Release|Any CPU
		{94C148F6-D3DF-4746-BEED-4F9AC63F7A52}.Debug|Any CPU.ActiveCfg = Debug|Any CPU
		{94C148F6-D3DF-4746-BEED-4F9AC63F7A52}.Debug|Any CPU.Build.0 = Debug|Any CPU
		{94C148F6-D3DF-4746-BEED-4F9AC63F7A52}.Release|Any CPU.ActiveCfg = Release|Any CPU
		{94C148F6-D3DF-4746-BEED-4F9AC63F7A52}.Release|Any CPU.Build.0 = Release|Any CPU
		{554901F2-3E74-435E-9AB7-188E38041947}.Debug|Any CPU.ActiveCfg = Debug|Any CPU
		{554901F2-3E74-435E-9AB7-188E38041947}.Debug|Any CPU.Build.0 = Debug|Any CPU
		{554901F2-3E74-435E-9AB7-188E38041947}.Release|Any CPU.ActiveCfg = Release|Any CPU
		{554901F2-3E74-435E-9AB7-188E38041947}.Release|Any CPU.Build.0 = Release|Any CPU
	EndGlobalSection
	GlobalSection(SolutionProperties) = preSolution
		HideSolutionNode = FALSE
	EndGlobalSection
EndGlobal
